
Microsoft Visual Studio Solution File, Format Version 12.00
# Visual Studio Version 17
VisualStudioVersion = 17.9.34616.47
MinimumVisualStudioVersion = 10.0.40219.1
Project("{9A19103F-16F7-4668-BE54-9A1E7A4F7556}") = "VooltBlazor", "VooltBlazor\VooltBlazor.csproj", "{89B882EC-FE84-441E-A7E6-EAA9599E9AFB}"
EndProject
Project("{9A19103F-16F7-4668-BE54-9A1E7A4F7556}") = "VooltAPI", "VooltAPI\VooltAPI.csproj", "{4472D95F-7FF4-44D6-B2E7-8625B60E9801}"
EndProject
Project("{FAE04EC0-301F-11D3-BF4B-00C04F79EFBC}") = "VooltTests", "VooltTests\VooltTests.csproj", "{34505647-EE84-47E2-8256-73E24151D076}"
EndProject
Global
	GlobalSection(SolutionConfigurationPlatforms) = preSolution
		Debug|Any CPU = Debug|Any CPU
		Release|Any CPU = Release|Any CPU
	EndGlobalSection
	GlobalSection(ProjectConfigurationPlatforms) = postSolution
		{89B882EC-FE84-441E-A7E6-EAA9599E9AFB}.Debug|Any CPU.ActiveCfg = Debug|Any CPU
		{89B882EC-FE84-441E-A7E6-EAA9599E9AFB}.Debug|Any CPU.Build.0 = Debug|Any CPU
		{89B882EC-FE84-441E-A7E6-EAA9599E9AFB}.Release|Any CPU.ActiveCfg = Release|Any CPU
		{89B882EC-FE84-441E-A7E6-EAA9599E9AFB}.Release|Any CPU.Build.0 = Release|Any CPU
		{4472D95F-7FF4-44D6-B2E7-8625B60E9801}.Debug|Any CPU.ActiveCfg = Debug|Any CPU
		{4472D95F-7FF4-44D6-B2E7-8625B60E9801}.Debug|Any CPU.Build.0 = Debug|Any CPU
		{4472D95F-7FF4-44D6-B2E7-8625B60E9801}.Release|Any CPU.ActiveCfg = Release|Any CPU
		{4472D95F-7FF4-44D6-B2E7-8625B60E9801}.Release|Any CPU.Build.0 = Release|Any CPU
		{34505647-EE84-47E2-8256-73E24151D076}.Debug|Any CPU.ActiveCfg = Debug|Any CPU
		{34505647-EE84-47E2-8256-73E24151D076}.Debug|Any CPU.Build.0 = Debug|Any CPU
		{34505647-EE84-47E2-8256-73E24151D076}.Release|Any CPU.ActiveCfg = Release|Any CPU
		{34505647-EE84-47E2-8256-73E24151D076}.Release|Any CPU.Build.0 = Release|Any CPU
	EndGlobalSection
	GlobalSection(SolutionProperties) = preSolution
		HideSolutionNode = FALSE
	EndGlobalSection
	GlobalSection(ExtensibilityGlobals) = postSolution
		SolutionGuid = {58F6C1F1-5EEA-49F8-B7E7-E24EA46A6F29}
	EndGlobalSection
EndGlobal
